
Microsoft Visual Studio Solution File, Format Version 12.00
# Visual Studio 15
VisualStudioVersion = 15.0.27428.2015
MinimumVisualStudioVersion = 10.0.40219.1
Project("{FAE04EC0-301F-11D3-BF4B-00C04F79EFBC}") = "23 4chan thread downloader", "23 4chan thread downloader\23 4chan thread downloader.csproj", "{DED7BA75-D06F-4163-BA1D-06575CC5777C}"
EndProject
Global
	GlobalSection(SolutionConfigurationPlatforms) = preSolution
		Debug|Any CPU = Debug|Any CPU
		Release|Any CPU = Release|Any CPU
	EndGlobalSection
	GlobalSection(ProjectConfigurationPlatforms) = postSolution
		{DED7BA75-D06F-4163-BA1D-06575CC5777C}.Debug|Any CPU.ActiveCfg = Debug|Any CPU
		{DED7BA75-D06F-4163-BA1D-06575CC5777C}.Debug|Any CPU.Build.0 = Debug|Any CPU
		{DED7BA75-D06F-4163-BA1D-06575CC5777C}.Release|Any CPU.ActiveCfg = Release|Any CPU
		{DED7BA75-D06F-4163-BA1D-06575CC5777C}.Release|Any CPU.Build.0 = Release|Any CPU
	EndGlobalSection
	GlobalSection(SolutionProperties) = preSolution
		HideSolutionNode = FALSE
	EndGlobalSection
	GlobalSection(ExtensibilityGlobals) = postSolution
		SolutionGuid = {33B3ADCA-D95F-4F73-A6FC-77F7D9327B50}
	EndGlobalSection
EndGlobal
