
Microsoft Visual Studio Solution File, Format Version 12.00
# Visual Studio 15
VisualStudioVersion = 15.0.27428.2015
MinimumVisualStudioVersion = 10.0.40219.1
Project("{FAE04EC0-301F-11D3-BF4B-00C04F79EFBC}") = "44 Text to Morse code translator", "44 Text to Morse code translator\44 Text to Morse code translator.csproj", "{F2A6128B-2729-4770-84A2-0EE5F510AD80}"
EndProject
Global
	GlobalSection(SolutionConfigurationPlatforms) = preSolution
		Debug|Any CPU = Debug|Any CPU
		Release|Any CPU = Release|Any CPU
	EndGlobalSection
	GlobalSection(ProjectConfigurationPlatforms) = postSolution
		{F2A6128B-2729-4770-84A2-0EE5F510AD80}.Debug|Any CPU.ActiveCfg = Debug|Any CPU
		{F2A6128B-2729-4770-84A2-0EE5F510AD80}.Debug|Any CPU.Build.0 = Debug|Any CPU
		{F2A6128B-2729-4770-84A2-0EE5F510AD80}.Release|Any CPU.ActiveCfg = Release|Any CPU
		{F2A6128B-2729-4770-84A2-0EE5F510AD80}.Release|Any CPU.Build.0 = Release|Any CPU
	EndGlobalSection
	GlobalSection(SolutionProperties) = preSolution
		HideSolutionNode = FALSE
	EndGlobalSection
	GlobalSection(ExtensibilityGlobals) = postSolution
		SolutionGuid = {1CC67E18-D455-48E4-A358-B8407B6D3FAE}
	EndGlobalSection
EndGlobal
