
Microsoft Visual Studio Solution File, Format Version 12.00
# Visual Studio 15
VisualStudioVersion = 15.0.27428.2015
MinimumVisualStudioVersion = 10.0.40219.1
Project("{FAE04EC0-301F-11D3-BF4B-00C04F79EFBC}") = "22 BMI calculator", "22 BMI calculator\22 BMI calculator.csproj", "{28D8E3A8-344D-48A6-B4F8-90C027F2A62D}"
EndProject
Global
	GlobalSection(SolutionConfigurationPlatforms) = preSolution
		Debug|Any CPU = Debug|Any CPU
		Release|Any CPU = Release|Any CPU
	EndGlobalSection
	GlobalSection(ProjectConfigurationPlatforms) = postSolution
		{28D8E3A8-344D-48A6-B4F8-90C027F2A62D}.Debug|Any CPU.ActiveCfg = Debug|Any CPU
		{28D8E3A8-344D-48A6-B4F8-90C027F2A62D}.Debug|Any CPU.Build.0 = Debug|Any CPU
		{28D8E3A8-344D-48A6-B4F8-90C027F2A62D}.Release|Any CPU.ActiveCfg = Release|Any CPU
		{28D8E3A8-344D-48A6-B4F8-90C027F2A62D}.Release|Any CPU.Build.0 = Release|Any CPU
	EndGlobalSection
	GlobalSection(SolutionProperties) = preSolution
		HideSolutionNode = FALSE
	EndGlobalSection
	GlobalSection(ExtensibilityGlobals) = postSolution
		SolutionGuid = {E80F3BC9-4A55-4744-8048-9607E9D7BE24}
	EndGlobalSection
EndGlobal
