
Microsoft Visual Studio Solution File, Format Version 12.00
# Visual Studio 15
VisualStudioVersion = 15.0.27428.2015
MinimumVisualStudioVersion = 10.0.40219.1
Project("{FAE04EC0-301F-11D3-BF4B-00C04F79EFBC}") = "20 Minesweeper", "20 Minesweeper\20 Minesweeper.csproj", "{35B46C3E-577A-4780-85EF-89BA202EBF59}"
EndProject
Global
	GlobalSection(SolutionConfigurationPlatforms) = preSolution
		Debug|Any CPU = Debug|Any CPU
		Release|Any CPU = Release|Any CPU
	EndGlobalSection
	GlobalSection(ProjectConfigurationPlatforms) = postSolution
		{35B46C3E-577A-4780-85EF-89BA202EBF59}.Debug|Any CPU.ActiveCfg = Debug|Any CPU
		{35B46C3E-577A-4780-85EF-89BA202EBF59}.Debug|Any CPU.Build.0 = Debug|Any CPU
		{35B46C3E-577A-4780-85EF-89BA202EBF59}.Release|Any CPU.ActiveCfg = Release|Any CPU
		{35B46C3E-577A-4780-85EF-89BA202EBF59}.Release|Any CPU.Build.0 = Release|Any CPU
	EndGlobalSection
	GlobalSection(SolutionProperties) = preSolution
		HideSolutionNode = FALSE
	EndGlobalSection
	GlobalSection(ExtensibilityGlobals) = postSolution
		SolutionGuid = {BADF9C15-1165-4028-9972-A266173A5577}
	EndGlobalSection
EndGlobal
