
Microsoft Visual Studio Solution File, Format Version 12.00
# Visual Studio 15
VisualStudioVersion = 15.0.27428.2015
MinimumVisualStudioVersion = 10.0.40219.1
Project("{FAE04EC0-301F-11D3-BF4B-00C04F79EFBC}") = "21 Connect four", "21 Connect four\21 Connect four.csproj", "{068BB0C0-5497-4D15-AF9A-975C182A9492}"
EndProject
Global
	GlobalSection(SolutionConfigurationPlatforms) = preSolution
		Debug|Any CPU = Debug|Any CPU
		Release|Any CPU = Release|Any CPU
	EndGlobalSection
	GlobalSection(ProjectConfigurationPlatforms) = postSolution
		{068BB0C0-5497-4D15-AF9A-975C182A9492}.Debug|Any CPU.ActiveCfg = Debug|Any CPU
		{068BB0C0-5497-4D15-AF9A-975C182A9492}.Debug|Any CPU.Build.0 = Debug|Any CPU
		{068BB0C0-5497-4D15-AF9A-975C182A9492}.Release|Any CPU.ActiveCfg = Release|Any CPU
		{068BB0C0-5497-4D15-AF9A-975C182A9492}.Release|Any CPU.Build.0 = Release|Any CPU
	EndGlobalSection
	GlobalSection(SolutionProperties) = preSolution
		HideSolutionNode = FALSE
	EndGlobalSection
	GlobalSection(ExtensibilityGlobals) = postSolution
		SolutionGuid = {E157EFB7-DE21-4341-B388-56394FA7AB26}
	EndGlobalSection
EndGlobal
